
Microsoft Visual Studio Solution File, Format Version 12.00
# Visual Studio 15
VisualStudioVersion = 15.0.28307.645
MinimumVisualStudioVersion = 10.0.40219.1
Project("{9A19103F-16F7-4668-BE54-9A1E7A4F7556}") = "Invoices", "Invoices\Invoices.csproj", "{B8F10DA3-4FED-4BBE-95B6-5E66A7C85B8C}"
EndProject
Project("{FAE04EC0-301F-11D3-BF4B-00C04F79EFBC}") = "InvoicesTests", "InvoicesTests\InvoicesTests.csproj", "{23B3DF88-4A31-4B3B-B453-088087253783}"
EndProject
Global
	GlobalSection(SolutionConfigurationPlatforms) = preSolution
		Debug|Any CPU = Debug|Any CPU
		Release|Any CPU = Release|Any CPU
	EndGlobalSection
	GlobalSection(ProjectConfigurationPlatforms) = postSolution
		{B8F10DA3-4FED-4BBE-95B6-5E66A7C85B8C}.Debug|Any CPU.ActiveCfg = Debug|Any CPU
		{B8F10DA3-4FED-4BBE-95B6-5E66A7C85B8C}.Debug|Any CPU.Build.0 = Debug|Any CPU
		{B8F10DA3-4FED-4BBE-95B6-5E66A7C85B8C}.Release|Any CPU.ActiveCfg = Release|Any CPU
		{B8F10DA3-4FED-4BBE-95B6-5E66A7C85B8C}.Release|Any CPU.Build.0 = Release|Any CPU
		{23B3DF88-4A31-4B3B-B453-088087253783}.Debug|Any CPU.ActiveCfg = Debug|Any CPU
		{23B3DF88-4A31-4B3B-B453-088087253783}.Debug|Any CPU.Build.0 = Debug|Any CPU
		{23B3DF88-4A31-4B3B-B453-088087253783}.Release|Any CPU.ActiveCfg = Release|Any CPU
		{23B3DF88-4A31-4B3B-B453-088087253783}.Release|Any CPU.Build.0 = Release|Any CPU
	EndGlobalSection
	GlobalSection(SolutionProperties) = preSolution
		HideSolutionNode = FALSE
	EndGlobalSection
	GlobalSection(ExtensibilityGlobals) = postSolution
		SolutionGuid = {82F81472-C420-4C61-9F8A-DE5F3BDCC86B}
	EndGlobalSection
EndGlobal
